
Microsoft Visual Studio Solution File, Format Version 12.00
# Visual Studio Version 17
VisualStudioVersion = 17.7.34003.232
MinimumVisualStudioVersion = 10.0.40219.1
Project("{FAE04EC0-301F-11D3-BF4B-00C04F79EFBC}") = "Uppgift 6.1", "Uppgift 6.1\Uppgift 6.1.csproj", "{1687F290-138D-4BDC-9294-39548F83626A}"
EndProject
Global
	GlobalSection(SolutionConfigurationPlatforms) = preSolution
		Debug|Any CPU = Debug|Any CPU
		Release|Any CPU = Release|Any CPU
	EndGlobalSection
	GlobalSection(ProjectConfigurationPlatforms) = postSolution
		{1687F290-138D-4BDC-9294-39548F83626A}.Debug|Any CPU.ActiveCfg = Debug|Any CPU
		{1687F290-138D-4BDC-9294-39548F83626A}.Debug|Any CPU.Build.0 = Debug|Any CPU
		{1687F290-138D-4BDC-9294-39548F83626A}.Release|Any CPU.ActiveCfg = Release|Any CPU
		{1687F290-138D-4BDC-9294-39548F83626A}.Release|Any CPU.Build.0 = Release|Any CPU
	EndGlobalSection
	GlobalSection(SolutionProperties) = preSolution
		HideSolutionNode = FALSE
	EndGlobalSection
	GlobalSection(ExtensibilityGlobals) = postSolution
		SolutionGuid = {E464A186-ECE7-4D47-A63C-A8ED8795528E}
	EndGlobalSection
EndGlobal
